{
  "name": "misty",
  "lockfileVersion": 3,
  "requires": true,
  "packages": {
    "": {
      "dependencies": {
        "babel": "^6.23.0",
        "prettier": "^3.3.3",
        "react-icons": "^5.2.1"
      }
    },
    "node_modules/babel": {
      "version": "6.23.0",
      "resolved": "https://registry.npmjs.org/babel/-/babel-6.23.0.tgz",
      "integrity": "sha512-ZDcCaI8Vlct8PJ3DvmyqUz+5X2Ylz3ZuuItBe/74yXosk2dwyVo/aN7MCJ8HJzhnnJ+6yP4o+lDgG9MBe91DLA==",
      "deprecated": "In 6.x, the babel package has been deprecated in favor of babel-cli. Check https://opencollective.com/babel to support the Babel maintainers",
      "bin": {
        "babel": "lib/cli.js",
        "babel-external-helpers": "lib/cli.js",
        "babel-node": "lib/cli.js"
      }
    },
    "node_modules/js-tokens": {
      "version": "4.0.0",
      "resolved": "https://registry.npmjs.org/js-tokens/-/js-tokens-4.0.0.tgz",
      "integrity": "sha512-RdJUflcE3cUzKiMqQgsCu06FPu9UdIJO0beYbPhHN4k6apgJtifcoCtT9bcxOpYBtpD2kCM6Sbzg4CausW/PKQ==",
      "peer": true
    },
    "node_modules/loose-envify": {
      "version": "1.4.0",
      "resolved": "https://registry.npmjs.org/loose-envify/-/loose-envify-1.4.0.tgz",
      "integrity": "sha512-lyuxPGr/Wfhrlem2CL/UcnUc1zcqKAImBDzukY7Y5F/yQiNdko6+fRLevlw1HgMySw7f611UIY408EtxRSoK3Q==",
      "peer": true,
      "dependencies": {
        "js-tokens": "^3.0.0 || ^4.0.0"
      },
      "bin": {
        "loose-envify": "cli.js"
      }
    },
    "node_modules/prettier": {
      "version": "3.3.3",
      "resolved": "https://registry.npmjs.org/prettier/-/prettier-3.3.3.tgz",
      "integrity": "sha512-i2tDNA0O5IrMO757lfrdQZCc2jPNDVntV0m/+4whiDfWaTKfMNgR7Qz0NAeGz/nRqF4m5/6CLzbP4/liHt12Ew==",
      "bin": {
        "prettier": "bin/prettier.cjs"
      },
      "engines": {
        "node": ">=14"
      },
      "funding": {
        "url": "https://github.com/prettier/prettier?sponsor=1"
      }
    },
    "node_modules/react": {
      "version": "18.3.1",
      "resolved": "https://registry.npmjs.org/react/-/react-18.3.1.tgz",
      "integrity": "sha512-wS+hAgJShR0KhEvPJArfuPVN1+Hz1t0Y6n5jLrGQbkb4urgPE/0Rve+1kMB1v/oWgHgm4WIcV+i7F2pTVj+2iQ==",
      "peer": true,
      "dependencies": {
        "loose-envify": "^1.1.0"
      },
      "engines": {
        "node": ">=0.10.0"
      }
    },
    "node_modules/react-icons": {
      "version": "5.2.1",
      "resolved": "https://registry.npmjs.org/react-icons/-/react-icons-5.2.1.tgz",
      "integrity": "sha512-zdbW5GstTzXaVKvGSyTaBalt7HSfuK5ovrzlpyiWHAFXndXTdd/1hdDHI4xBM1Mn7YriT6aqESucFl9kEXzrdw==",
      "peerDependencies": {
        "react": "*"
      }
    }
  }
}
